
Microsoft Visual Studio Solution File, Format Version 12.00
# Visual Studio Version 17
VisualStudioVersion = 17.5.002.0
MinimumVisualStudioVersion = 10.0.40219.1
Project("{2150E333-8FDC-42A3-9474-1A3956D46DE8}") = "src", "src", "{1BC78688-4D37-4F45-A24C-DA93D8769539}"
EndProject
Project("{2150E333-8FDC-42A3-9474-1A3956D46DE8}") = "deployment", "deployment", "{ADDAA3DD-9ABB-4366-B2B2-79FBD76825E0}"
EndProject
Project("{2150E333-8FDC-42A3-9474-1A3956D46DE8}") = "functions", "functions", "{E4F92D94-CF48-4218-828F-494C089677C8}"
EndProject
Project("{9A19103F-16F7-4668-BE54-9A1E7A4F7556}") = "search", "src\deployment\functions\search\search.csproj", "{D3A9012B-FAC9-485F-8E7B-417021D576CD}"
EndProject
Project("{2150E333-8FDC-42A3-9474-1A3956D46DE8}") = "search (1)", "search", "{B6DBEE6F-4781-4991-BB4E-D29284F4420F}"
EndProject
Project("{2150E333-8FDC-42A3-9474-1A3956D46DE8}") = "obj", "obj", "{5BDA4DCC-4BE9-4DBD-8381-6188E0721C4A}"
EndProject
Project("{2150E333-8FDC-42A3-9474-1A3956D46DE8}") = "Release", "Release", "{4BBCD0CC-1FE0-4590-B921-C669727A7175}"
EndProject
Project("{2150E333-8FDC-42A3-9474-1A3956D46DE8}") = "net8.0", "net8.0", "{EB5A80D8-FA20-4689-9622-0ABB6CD8C177}"
EndProject
Project("{9A19103F-16F7-4668-BE54-9A1E7A4F7556}") = "WorkerExtensions", "src\deployment\functions\search\obj\Release\net8.0\WorkerExtensions\WorkerExtensions.csproj", "{BCD9DC33-DC3B-4A96-9AD9-417976A68836}"
EndProject
Global
	GlobalSection(SolutionConfigurationPlatforms) = preSolution
		Debug|Any CPU = Debug|Any CPU
		Release|Any CPU = Release|Any CPU
	EndGlobalSection
	GlobalSection(ProjectConfigurationPlatforms) = postSolution
		{D3A9012B-FAC9-485F-8E7B-417021D576CD}.Debug|Any CPU.ActiveCfg = Debug|Any CPU
		{D3A9012B-FAC9-485F-8E7B-417021D576CD}.Debug|Any CPU.Build.0 = Debug|Any CPU
		{D3A9012B-FAC9-485F-8E7B-417021D576CD}.Release|Any CPU.ActiveCfg = Release|Any CPU
		{D3A9012B-FAC9-485F-8E7B-417021D576CD}.Release|Any CPU.Build.0 = Release|Any CPU
		{BCD9DC33-DC3B-4A96-9AD9-417976A68836}.Debug|Any CPU.ActiveCfg = Debug|Any CPU
		{BCD9DC33-DC3B-4A96-9AD9-417976A68836}.Debug|Any CPU.Build.0 = Debug|Any CPU
		{BCD9DC33-DC3B-4A96-9AD9-417976A68836}.Release|Any CPU.ActiveCfg = Release|Any CPU
		{BCD9DC33-DC3B-4A96-9AD9-417976A68836}.Release|Any CPU.Build.0 = Release|Any CPU
	EndGlobalSection
	GlobalSection(SolutionProperties) = preSolution
		HideSolutionNode = FALSE
	EndGlobalSection
	GlobalSection(NestedProjects) = preSolution
		{ADDAA3DD-9ABB-4366-B2B2-79FBD76825E0} = {1BC78688-4D37-4F45-A24C-DA93D8769539}
		{E4F92D94-CF48-4218-828F-494C089677C8} = {ADDAA3DD-9ABB-4366-B2B2-79FBD76825E0}
		{D3A9012B-FAC9-485F-8E7B-417021D576CD} = {E4F92D94-CF48-4218-828F-494C089677C8}
		{B6DBEE6F-4781-4991-BB4E-D29284F4420F} = {E4F92D94-CF48-4218-828F-494C089677C8}
		{5BDA4DCC-4BE9-4DBD-8381-6188E0721C4A} = {B6DBEE6F-4781-4991-BB4E-D29284F4420F}
		{4BBCD0CC-1FE0-4590-B921-C669727A7175} = {5BDA4DCC-4BE9-4DBD-8381-6188E0721C4A}
		{EB5A80D8-FA20-4689-9622-0ABB6CD8C177} = {4BBCD0CC-1FE0-4590-B921-C669727A7175}
		{BCD9DC33-DC3B-4A96-9AD9-417976A68836} = {EB5A80D8-FA20-4689-9622-0ABB6CD8C177}
	EndGlobalSection
	GlobalSection(ExtensibilityGlobals) = postSolution
		SolutionGuid = {1BF54207-09FA-4D59-A308-A603364A5283}
	EndGlobalSection
EndGlobal
